
Microsoft Visual Studio Solution File, Format Version 12.00
# Visual Studio Version 16
VisualStudioVersion = 16.0.29613.14
MinimumVisualStudioVersion = 10.0.40219.1
Project("{FAE04EC0-301F-11D3-BF4B-00C04F79EFBC}") = "Diary", "Diary.csproj", "{1D71F2F9-6B75-4BA5-A2F6-85145B6A79E7}"
EndProject
Global
	GlobalSection(SolutionConfigurationPlatforms) = preSolution
		Debug|Any CPU = Debug|Any CPU
		Release|Any CPU = Release|Any CPU
	EndGlobalSection
	GlobalSection(ProjectConfigurationPlatforms) = postSolution
		{1D71F2F9-6B75-4BA5-A2F6-85145B6A79E7}.Debug|Any CPU.ActiveCfg = Debug|Any CPU
		{1D71F2F9-6B75-4BA5-A2F6-85145B6A79E7}.Debug|Any CPU.Build.0 = Debug|Any CPU
		{1D71F2F9-6B75-4BA5-A2F6-85145B6A79E7}.Release|Any CPU.ActiveCfg = Release|Any CPU
		{1D71F2F9-6B75-4BA5-A2F6-85145B6A79E7}.Release|Any CPU.Build.0 = Release|Any CPU
	EndGlobalSection
	GlobalSection(SolutionProperties) = preSolution
		HideSolutionNode = FALSE
	EndGlobalSection
	GlobalSection(ExtensibilityGlobals) = postSolution
		SolutionGuid = {8A030076-C3EF-43E4-9819-6A91B4AD1139}
	EndGlobalSection
EndGlobal
